<Solution>
    <Folder Name="/Docs/">
        <File Path="docs/CLI.md" />
    </Folder>
    <Folder Name="/Misc/">
        <File Path="README.md" />
    </Folder>
    <Project Path="src\TridentCore.Abstractions\TridentCore.Abstractions.csproj" />
    <Project Path="src\TridentCore.Cli\TridentCore.Cli.csproj" />
    <Project Path="src\TridentCore.Core\TridentCore.Core.csproj" />
    <Project Path="src\TridentCore.Purl\TridentCore.Purl.csproj" />
</Solution>
