<Solution>
    <Folder Name="/Docs/">
        <File Path="docs/CLI.md" />
    </Folder>
    <Folder Name="/Misc/">
        <File Path="README.md" />
    </Folder>
    <Folder Name="/src/" />
    <Folder Name="/tests/">
        <Project Path="tests/TridentCore.Tests/TridentCore.Tests.csproj" />
    </Folder>
    <Project Path="src\TridentCore.Abstractions\TridentCore.Abstractions.csproj" />
    <Project Path="src\TridentCore.Cli\TridentCore.Cli.csproj" />
    <Project Path="src\TridentCore.Core\TridentCore.Core.csproj" />
    <Project Path="src\TridentCore.Pref\TridentCore.Pref.csproj" />
    <Project Path="src\TridentCore.Text\TridentCore.Text.csproj" />
</Solution>
