<Solution>
    <Project Path="src\Trident.Core\Trident.Core.csproj" Type="C#" />
    <Folder Name="/Misc/">
        <File Path="README.md" />
    </Folder>
    <Project Path="src\Trident.Abstractions\Trident.Abstractions.csproj" Type="C#" />
    <Project Path="src\Trident.Purl\Trident.Purl.csproj" Type="C#" />
    <Project Path="src\Trident.Cli\Trident.Cli.csproj" Type="C#" />
</Solution>